
Microsoft Visual Studio Solution File, Format Version 12.00
# Visual Studio Version 16
VisualStudioVersion = 16.0.31729.503
MinimumVisualStudioVersion = 10.0.40219.1
Project("{FAE04EC0-301F-11D3-BF4B-00C04F79EFBC}") = "pg9", "pg9\pg9.csproj", "{1D5F4336-ECD1-4EE9-AAC9-929970F57B25}"
EndProject
Global
	GlobalSection(SolutionConfigurationPlatforms) = preSolution
		Debug|Any CPU = Debug|Any CPU
		Release|Any CPU = Release|Any CPU
	EndGlobalSection
	GlobalSection(ProjectConfigurationPlatforms) = postSolution
		{1D5F4336-ECD1-4EE9-AAC9-929970F57B25}.Debug|Any CPU.ActiveCfg = Debug|Any CPU
		{1D5F4336-ECD1-4EE9-AAC9-929970F57B25}.Debug|Any CPU.Build.0 = Debug|Any CPU
		{1D5F4336-ECD1-4EE9-AAC9-929970F57B25}.Release|Any CPU.ActiveCfg = Release|Any CPU
		{1D5F4336-ECD1-4EE9-AAC9-929970F57B25}.Release|Any CPU.Build.0 = Release|Any CPU
	EndGlobalSection
	GlobalSection(SolutionProperties) = preSolution
		HideSolutionNode = FALSE
	EndGlobalSection
	GlobalSection(ExtensibilityGlobals) = postSolution
		SolutionGuid = {22989940-403A-44A1-B1DA-FD9D922ED569}
	EndGlobalSection
EndGlobal
